
Microsoft Visual Studio Solution File, Format Version 12.00
# Visual Studio Version 16
VisualStudioVersion = 16.0.30523.141
MinimumVisualStudioVersion = 10.0.40219.1
Project("{FAE04EC0-301F-11D3-BF4B-00C04F79EFBC}") = "MOD6.7HW2", "MOD6.7HW2.csproj", "{7EAEDF60-E433-4446-B42C-E644A2BA1B84}"
EndProject
Global
	GlobalSection(SolutionConfigurationPlatforms) = preSolution
		Debug|Any CPU = Debug|Any CPU
		Release|Any CPU = Release|Any CPU
	EndGlobalSection
	GlobalSection(ProjectConfigurationPlatforms) = postSolution
		{7EAEDF60-E433-4446-B42C-E644A2BA1B84}.Debug|Any CPU.ActiveCfg = Debug|Any CPU
		{7EAEDF60-E433-4446-B42C-E644A2BA1B84}.Debug|Any CPU.Build.0 = Debug|Any CPU
		{7EAEDF60-E433-4446-B42C-E644A2BA1B84}.Release|Any CPU.ActiveCfg = Release|Any CPU
		{7EAEDF60-E433-4446-B42C-E644A2BA1B84}.Release|Any CPU.Build.0 = Release|Any CPU
	EndGlobalSection
	GlobalSection(SolutionProperties) = preSolution
		HideSolutionNode = FALSE
	EndGlobalSection
	GlobalSection(ExtensibilityGlobals) = postSolution
		SolutionGuid = {28B04633-0BC9-448C-AE73-D273392559B3}
	EndGlobalSection
EndGlobal
