
Microsoft Visual Studio Solution File, Format Version 12.00
# Visual Studio Version 16
VisualStudioVersion = 16.0.30523.141
MinimumVisualStudioVersion = 10.0.40219.1
Project("{FAE04EC0-301F-11D3-BF4B-00C04F79EFBC}") = "LastHW", "LastHW.csproj", "{F6C483AB-9F93-4BBD-B929-C3BDD2E98008}"
EndProject
Global
	GlobalSection(SolutionConfigurationPlatforms) = preSolution
		Debug|Any CPU = Debug|Any CPU
		Release|Any CPU = Release|Any CPU
	EndGlobalSection
	GlobalSection(ProjectConfigurationPlatforms) = postSolution
		{F6C483AB-9F93-4BBD-B929-C3BDD2E98008}.Debug|Any CPU.ActiveCfg = Debug|Any CPU
		{F6C483AB-9F93-4BBD-B929-C3BDD2E98008}.Debug|Any CPU.Build.0 = Debug|Any CPU
		{F6C483AB-9F93-4BBD-B929-C3BDD2E98008}.Release|Any CPU.ActiveCfg = Release|Any CPU
		{F6C483AB-9F93-4BBD-B929-C3BDD2E98008}.Release|Any CPU.Build.0 = Release|Any CPU
	EndGlobalSection
	GlobalSection(SolutionProperties) = preSolution
		HideSolutionNode = FALSE
	EndGlobalSection
	GlobalSection(ExtensibilityGlobals) = postSolution
		SolutionGuid = {B98C1F92-9F34-4595-9504-9E8DD379A74B}
	EndGlobalSection
EndGlobal
