
Microsoft Visual Studio Solution File, Format Version 12.00
# Visual Studio Version 16
VisualStudioVersion = 16.0.30523.141
MinimumVisualStudioVersion = 10.0.40219.1
Project("{FAE04EC0-301F-11D3-BF4B-00C04F79EFBC}") = "MOD6.7HW1", "MOD6.7HW1.csproj", "{BA54FC52-33D4-4A34-A259-505B0FD21E92}"
EndProject
Global
	GlobalSection(SolutionConfigurationPlatforms) = preSolution
		Debug|Any CPU = Debug|Any CPU
		Release|Any CPU = Release|Any CPU
	EndGlobalSection
	GlobalSection(ProjectConfigurationPlatforms) = postSolution
		{BA54FC52-33D4-4A34-A259-505B0FD21E92}.Debug|Any CPU.ActiveCfg = Debug|Any CPU
		{BA54FC52-33D4-4A34-A259-505B0FD21E92}.Debug|Any CPU.Build.0 = Debug|Any CPU
		{BA54FC52-33D4-4A34-A259-505B0FD21E92}.Release|Any CPU.ActiveCfg = Release|Any CPU
		{BA54FC52-33D4-4A34-A259-505B0FD21E92}.Release|Any CPU.Build.0 = Release|Any CPU
	EndGlobalSection
	GlobalSection(SolutionProperties) = preSolution
		HideSolutionNode = FALSE
	EndGlobalSection
	GlobalSection(ExtensibilityGlobals) = postSolution
		SolutionGuid = {36679BA7-C21A-458D-B394-617B89A7D010}
	EndGlobalSection
EndGlobal
